
Microsoft Visual Studio Solution File, Format Version 12.00
# Visual Studio Version 16
VisualStudioVersion = 16.0.30002.166
MinimumVisualStudioVersion = 10.0.40219.1
Project("{FAE04EC0-301F-11D3-BF4B-00C04F79EFBC}") = "Ktp", "KonectSocket\Ktp.csproj", "{80770FD3-46AF-421F-B660-72BF2397BDC5}"
EndProject
Project("{FAE04EC0-301F-11D3-BF4B-00C04F79EFBC}") = "KtpListener", "KtpListener\KtpListener.csproj", "{7B68B3B5-ED95-4E89-AE16-94DF4BBA3528}"
EndProject
Global
	GlobalSection(SolutionConfigurationPlatforms) = preSolution
		Debug|Any CPU = Debug|Any CPU
		Release|Any CPU = Release|Any CPU
	EndGlobalSection
	GlobalSection(ProjectConfigurationPlatforms) = postSolution
		{80770FD3-46AF-421F-B660-72BF2397BDC5}.Debug|Any CPU.ActiveCfg = Debug|Any CPU
		{80770FD3-46AF-421F-B660-72BF2397BDC5}.Debug|Any CPU.Build.0 = Debug|Any CPU
		{80770FD3-46AF-421F-B660-72BF2397BDC5}.Release|Any CPU.ActiveCfg = Release|Any CPU
		{80770FD3-46AF-421F-B660-72BF2397BDC5}.Release|Any CPU.Build.0 = Release|Any CPU
		{7B68B3B5-ED95-4E89-AE16-94DF4BBA3528}.Debug|Any CPU.ActiveCfg = Debug|Any CPU
		{7B68B3B5-ED95-4E89-AE16-94DF4BBA3528}.Debug|Any CPU.Build.0 = Debug|Any CPU
		{7B68B3B5-ED95-4E89-AE16-94DF4BBA3528}.Release|Any CPU.ActiveCfg = Release|Any CPU
		{7B68B3B5-ED95-4E89-AE16-94DF4BBA3528}.Release|Any CPU.Build.0 = Release|Any CPU
	EndGlobalSection
	GlobalSection(SolutionProperties) = preSolution
		HideSolutionNode = FALSE
	EndGlobalSection
	GlobalSection(ExtensibilityGlobals) = postSolution
		SolutionGuid = {D3A82225-1641-4D3C-8C82-9C22A6419F73}
	EndGlobalSection
EndGlobal
